{
    "_readme": [
        "This file locks the dependencies of your project to a known state",
        "Read more about it at https://getcomposer.org/doc/01-basic-usage.md#installing-dependencies",
        "This file is @generated automatically"
    ],
    "content-hash": "e52cef09f2eb0b43ddf8b9d488b1381f",
    "packages": [
        {
            "name": "jawira/plantuml-encoding",
            "version": "v1.1.1",
            "source": {
                "type": "git",
                "url": "https://github.com/jawira/plantuml-encoding.git",
                "reference": "fe8bce2d7ff5bb5cccf374349999cef7d6246a32"
            },
            "dist": {
                "type": "zip",
                "url": "https://api.github.com/repos/jawira/plantuml-encoding/zipball/fe8bce2d7ff5bb5cccf374349999cef7d6246a32",
                "reference": "fe8bce2d7ff5bb5cccf374349999cef7d6246a32",
                "shasum": ""
            },
            "require": {
                "ext-zlib": "*",
                "php": ">=7.4"
            },
            "require-dev": {
                "phpstan/phpstan": "^2"
            },
            "type": "library",
            "autoload": {
                "files": [
                    "src/plantuml_functions.php"
                ]
            },
            "notification-url": "https://packagist.org/downloads/",
            "license": [
                "MIT"
            ],
            "authors": [
                {
                    "name": "Jawira Portugal",
                    "homepage": "https://jawira.com"
                }
            ],
            "description": "PlantUML encoding functions",
            "keywords": [
                "encodep",
                "encoding",
                "functions",
                "plantuml",
                "uml"
            ],
            "support": {
                "issues": "https://github.com/jawira/plantuml-encoding/issues",
                "source": "https://github.com/jawira/plantuml-encoding/tree/v1.1.1"
            },
            "time": "2024-12-22T17:49:30+00:00"
        }
    ],
    "packages-dev": [],
    "aliases": [],
    "minimum-stability": "stable",
    "stability-flags": [],
    "prefer-stable": false,
    "prefer-lowest": false,
    "platform": [],
    "platform-dev": [],
    "plugin-api-version": "2.6.0"
}
